
Microsoft Visual Studio Solution File, Format Version 12.00
# Visual Studio 15
VisualStudioVersion = 15.0.27130.2024
MinimumVisualStudioVersion = 10.0.40219.1
Project("{FAE04EC0-301F-11D3-BF4B-00C04F79EFBC}") = "Service", "TestBankApiService\Service.csproj", "{47772BBD-DD79-4F78-A3F6-3FBDFD8049A0}"
EndProject
Project("{FAE04EC0-301F-11D3-BF4B-00C04F79EFBC}") = "DataLibrary", "DataLayer\DataLibrary.csproj", "{CE38A202-7712-46E5-AEFF-6DEF4010DA00}"
EndProject
Project("{FAE04EC0-301F-11D3-BF4B-00C04F79EFBC}") = "EntityLibrary", "EntityLayer\EntityLibrary.csproj", "{EFA37786-235E-463C-87DC-987A57E572A1}"
EndProject
Project("{FAE04EC0-301F-11D3-BF4B-00C04F79EFBC}") = "UtilityLibrary", "Utility\UtilityLibrary.csproj", "{867E8E3C-55B6-4E83-837A-A82584612C27}"
EndProject
Global
	GlobalSection(SolutionConfigurationPlatforms) = preSolution
		Debug|Any CPU = Debug|Any CPU
		Release|Any CPU = Release|Any CPU
	EndGlobalSection
	GlobalSection(ProjectConfigurationPlatforms) = postSolution
		{47772BBD-DD79-4F78-A3F6-3FBDFD8049A0}.Debug|Any CPU.ActiveCfg = Debug|Any CPU
		{47772BBD-DD79-4F78-A3F6-3FBDFD8049A0}.Debug|Any CPU.Build.0 = Debug|Any CPU
		{47772BBD-DD79-4F78-A3F6-3FBDFD8049A0}.Release|Any CPU.ActiveCfg = Release|Any CPU
		{47772BBD-DD79-4F78-A3F6-3FBDFD8049A0}.Release|Any CPU.Build.0 = Release|Any CPU
		{CE38A202-7712-46E5-AEFF-6DEF4010DA00}.Debug|Any CPU.ActiveCfg = Debug|Any CPU
		{CE38A202-7712-46E5-AEFF-6DEF4010DA00}.Debug|Any CPU.Build.0 = Debug|Any CPU
		{CE38A202-7712-46E5-AEFF-6DEF4010DA00}.Release|Any CPU.ActiveCfg = Release|Any CPU
		{CE38A202-7712-46E5-AEFF-6DEF4010DA00}.Release|Any CPU.Build.0 = Release|Any CPU
		{EFA37786-235E-463C-87DC-987A57E572A1}.Debug|Any CPU.ActiveCfg = Debug|Any CPU
		{EFA37786-235E-463C-87DC-987A57E572A1}.Debug|Any CPU.Build.0 = Debug|Any CPU
		{EFA37786-235E-463C-87DC-987A57E572A1}.Release|Any CPU.ActiveCfg = Release|Any CPU
		{EFA37786-235E-463C-87DC-987A57E572A1}.Release|Any CPU.Build.0 = Release|Any CPU
		{867E8E3C-55B6-4E83-837A-A82584612C27}.Debug|Any CPU.ActiveCfg = Debug|Any CPU
		{867E8E3C-55B6-4E83-837A-A82584612C27}.Debug|Any CPU.Build.0 = Debug|Any CPU
		{867E8E3C-55B6-4E83-837A-A82584612C27}.Release|Any CPU.ActiveCfg = Release|Any CPU
		{867E8E3C-55B6-4E83-837A-A82584612C27}.Release|Any CPU.Build.0 = Release|Any CPU
	EndGlobalSection
	GlobalSection(SolutionProperties) = preSolution
		HideSolutionNode = FALSE
	EndGlobalSection
	GlobalSection(ExtensibilityGlobals) = postSolution
		SolutionGuid = {7E491350-1695-4A58-B2D7-DDDB428D652E}
	EndGlobalSection
EndGlobal
